
Microsoft Visual Studio Solution File, Format Version 12.00
# Visual Studio Version 16
VisualStudioVersion = 16.0.30330.147
MinimumVisualStudioVersion = 10.0.40219.1
Project("{FAE04EC0-301F-11D3-BF4B-00C04F79EFBC}") = "RCP_ExternalProperty_AssemblyCode", "RCP_ZoneAttributeAssignments\RCP_ExternalProperty_AssemblyCode.csproj", "{446EEA05-2797-4180-9AEE-AD34E311DC76}"
EndProject
Project("{FAE04EC0-301F-11D3-BF4B-00C04F79EFBC}") = "RCP_ExternalProperty_CodeSGuid", "CodeSGuid\RCP_ExternalProperty_CodeSGuid.csproj", "{77F5CA33-B413-4BD7-A0B1-AFE26F566199}"
EndProject
Global
	GlobalSection(SolutionConfigurationPlatforms) = preSolution
		Debug|Any CPU = Debug|Any CPU
		Release|Any CPU = Release|Any CPU
	EndGlobalSection
	GlobalSection(ProjectConfigurationPlatforms) = postSolution
		{446EEA05-2797-4180-9AEE-AD34E311DC76}.Debug|Any CPU.ActiveCfg = Debug|Any CPU
		{446EEA05-2797-4180-9AEE-AD34E311DC76}.Debug|Any CPU.Build.0 = Debug|Any CPU
		{446EEA05-2797-4180-9AEE-AD34E311DC76}.Release|Any CPU.ActiveCfg = Release|Any CPU
		{446EEA05-2797-4180-9AEE-AD34E311DC76}.Release|Any CPU.Build.0 = Release|Any CPU
		{77F5CA33-B413-4BD7-A0B1-AFE26F566199}.Debug|Any CPU.ActiveCfg = Debug|Any CPU
		{77F5CA33-B413-4BD7-A0B1-AFE26F566199}.Debug|Any CPU.Build.0 = Debug|Any CPU
		{77F5CA33-B413-4BD7-A0B1-AFE26F566199}.Release|Any CPU.ActiveCfg = Release|Any CPU
		{77F5CA33-B413-4BD7-A0B1-AFE26F566199}.Release|Any CPU.Build.0 = Release|Any CPU
	EndGlobalSection
	GlobalSection(SolutionProperties) = preSolution
		HideSolutionNode = FALSE
	EndGlobalSection
	GlobalSection(ExtensibilityGlobals) = postSolution
		SolutionGuid = {38E40438-ADD2-43DB-A1B4-45A905597705}
	EndGlobalSection
EndGlobal
